
Microsoft Visual Studio Solution File, Format Version 12.00
# Visual Studio Version 16
VisualStudioVersion = 16.0.29509.3
MinimumVisualStudioVersion = 10.0.40219.1
Project("{9A19103F-16F7-4668-BE54-9A1E7A4F7556}") = "SmearAdmin", "SmearAdmin\SmearAdmin.csproj", "{72D04A6A-10C7-4F1C-8A54-6533AFCAA258}"
EndProject
Global
	GlobalSection(SolutionConfigurationPlatforms) = preSolution
		Debug|Any CPU = Debug|Any CPU
		Release|Any CPU = Release|Any CPU
	EndGlobalSection
	GlobalSection(ProjectConfigurationPlatforms) = postSolution
		{72D04A6A-10C7-4F1C-8A54-6533AFCAA258}.Debug|Any CPU.ActiveCfg = Debug|Any CPU
		{72D04A6A-10C7-4F1C-8A54-6533AFCAA258}.Debug|Any CPU.Build.0 = Debug|Any CPU
		{72D04A6A-10C7-4F1C-8A54-6533AFCAA258}.Release|Any CPU.ActiveCfg = Release|Any CPU
		{72D04A6A-10C7-4F1C-8A54-6533AFCAA258}.Release|Any CPU.Build.0 = Release|Any CPU
	EndGlobalSection
	GlobalSection(SolutionProperties) = preSolution
		HideSolutionNode = FALSE
	EndGlobalSection
	GlobalSection(ExtensibilityGlobals) = postSolution
		SolutionGuid = {B119DE44-DFCD-43C5-B976-BFBA765C76C6}
	EndGlobalSection
	GlobalSection(TeamFoundationVersionControl) = preSolution
		SccNumberOfProjects = 2
		SccEnterpriseProvider = {4CA58AB2-18FA-4F8D-95D4-32DDF27D184C}
		SccTeamFoundationServer = https://devsharma.visualstudio.com/
		SccLocalPath0 = .
		SccProjectUniqueName1 = SmearAdmin\\SmearAdmin.csproj
		SccProjectName1 = SmearAdmin
		SccLocalPath1 = SmearAdmin
	EndGlobalSection
EndGlobal
